
Microsoft Visual Studio Solution File, Format Version 12.00
# Visual Studio Version 17
VisualStudioVersion = 17.5.33516.290
MinimumVisualStudioVersion = 10.0.40219.1
Project("{8BC9CEB8-8B4A-11D0-8D11-00A0C91BC942}") = "ThkTestWxDllCR", "ThkTestWxDll\ThkTestWxDllCR.vcxproj", "{64BB9ED2-C7E5-4726-B70F-5EDE210A1B4C}"
EndProject
Project("{8BC9CEB8-8B4A-11D0-8D11-00A0C91BC942}") = "ThkInitWx", "ThkInitWx\ThkInitWx.vcxproj", "{57ABD530-9181-4992-97D0-D330CE418C6A}"
EndProject
Global
	GlobalSection(SolutionConfigurationPlatforms) = preSolution
		DbgCreo|x64 = DbgCreo|x64
		DbgCreo|x86 = DbgCreo|x86
		DbgLibCR2|x64 = DbgLibCR2|x64
		DbgLibCR2|x86 = DbgLibCR2|x86
		DbgLibCR6|x64 = DbgLibCR6|x64
		DbgLibCR6|x86 = DbgLibCR6|x86
		DbgLibWF5|x64 = DbgLibWF5|x64
		DbgLibWF5|x86 = DbgLibWF5|x86
		Debug|x64 = Debug|x64
		Debug|x86 = Debug|x86
		DebugXP|x64 = DebugXP|x64
		DebugXP|x86 = DebugXP|x86
		Release|x64 = Release|x64
		Release|x86 = Release|x86
		ReleaseXP|x64 = ReleaseXP|x64
		ReleaseXP|x86 = ReleaseXP|x86
		RelLibCR2|x64 = RelLibCR2|x64
		RelLibCR2|x86 = RelLibCR2|x86
		RelLibCR6|x64 = RelLibCR6|x64
		RelLibCR6|x86 = RelLibCR6|x86
		RelLibWF5|x64 = RelLibWF5|x64
		RelLibWF5|x86 = RelLibWF5|x86
	EndGlobalSection
	GlobalSection(ProjectConfigurationPlatforms) = postSolution
		{64BB9ED2-C7E5-4726-B70F-5EDE210A1B4C}.DbgCreo|x64.ActiveCfg = DbgLibWF5|x64
		{64BB9ED2-C7E5-4726-B70F-5EDE210A1B4C}.DbgCreo|x64.Build.0 = DbgLibWF5|x64
		{64BB9ED2-C7E5-4726-B70F-5EDE210A1B4C}.DbgCreo|x86.ActiveCfg = DbgLibWF5|Win32
		{64BB9ED2-C7E5-4726-B70F-5EDE210A1B4C}.DbgCreo|x86.Build.0 = DbgLibWF5|Win32
		{64BB9ED2-C7E5-4726-B70F-5EDE210A1B4C}.DbgLibCR2|x64.ActiveCfg = DbgLibCR2|x64
		{64BB9ED2-C7E5-4726-B70F-5EDE210A1B4C}.DbgLibCR2|x64.Build.0 = DbgLibCR2|x64
		{64BB9ED2-C7E5-4726-B70F-5EDE210A1B4C}.DbgLibCR2|x86.ActiveCfg = DbgLibCR2|Win32
		{64BB9ED2-C7E5-4726-B70F-5EDE210A1B4C}.DbgLibCR2|x86.Build.0 = DbgLibCR2|Win32
		{64BB9ED2-C7E5-4726-B70F-5EDE210A1B4C}.DbgLibCR6|x64.ActiveCfg = DbgLibCR6|x64
		{64BB9ED2-C7E5-4726-B70F-5EDE210A1B4C}.DbgLibCR6|x64.Build.0 = DbgLibCR6|x64
		{64BB9ED2-C7E5-4726-B70F-5EDE210A1B4C}.DbgLibCR6|x86.ActiveCfg = DbgLibCR6|Win32
		{64BB9ED2-C7E5-4726-B70F-5EDE210A1B4C}.DbgLibWF5|x64.ActiveCfg = DbgLibWF5|x64
		{64BB9ED2-C7E5-4726-B70F-5EDE210A1B4C}.DbgLibWF5|x64.Build.0 = DbgLibWF5|x64
		{64BB9ED2-C7E5-4726-B70F-5EDE210A1B4C}.DbgLibWF5|x86.ActiveCfg = DbgLibWF5|Win32
		{64BB9ED2-C7E5-4726-B70F-5EDE210A1B4C}.DbgLibWF5|x86.Build.0 = DbgLibWF5|Win32
		{64BB9ED2-C7E5-4726-B70F-5EDE210A1B4C}.Debug|x64.ActiveCfg = Debug|x64
		{64BB9ED2-C7E5-4726-B70F-5EDE210A1B4C}.Debug|x86.ActiveCfg = Debug|Win32
		{64BB9ED2-C7E5-4726-B70F-5EDE210A1B4C}.DebugXP|x64.ActiveCfg = DebugXP|x64
		{64BB9ED2-C7E5-4726-B70F-5EDE210A1B4C}.DebugXP|x86.ActiveCfg = DebugXP|Win32
		{64BB9ED2-C7E5-4726-B70F-5EDE210A1B4C}.Release|x64.ActiveCfg = Release|x64
		{64BB9ED2-C7E5-4726-B70F-5EDE210A1B4C}.Release|x64.Build.0 = Release|x64
		{64BB9ED2-C7E5-4726-B70F-5EDE210A1B4C}.Release|x86.ActiveCfg = Release|Win32
		{64BB9ED2-C7E5-4726-B70F-5EDE210A1B4C}.Release|x86.Build.0 = Release|Win32
		{64BB9ED2-C7E5-4726-B70F-5EDE210A1B4C}.ReleaseXP|x64.ActiveCfg = ReleaseXP|x64
		{64BB9ED2-C7E5-4726-B70F-5EDE210A1B4C}.ReleaseXP|x64.Build.0 = ReleaseXP|x64
		{64BB9ED2-C7E5-4726-B70F-5EDE210A1B4C}.ReleaseXP|x86.ActiveCfg = ReleaseXP|Win32
		{64BB9ED2-C7E5-4726-B70F-5EDE210A1B4C}.ReleaseXP|x86.Build.0 = ReleaseXP|Win32
		{64BB9ED2-C7E5-4726-B70F-5EDE210A1B4C}.RelLibCR2|x64.ActiveCfg = RelLibCR2|x64
		{64BB9ED2-C7E5-4726-B70F-5EDE210A1B4C}.RelLibCR2|x64.Build.0 = RelLibCR2|x64
		{64BB9ED2-C7E5-4726-B70F-5EDE210A1B4C}.RelLibCR2|x86.ActiveCfg = RelLibCR2|Win32
		{64BB9ED2-C7E5-4726-B70F-5EDE210A1B4C}.RelLibCR2|x86.Build.0 = RelLibCR2|Win32
		{64BB9ED2-C7E5-4726-B70F-5EDE210A1B4C}.RelLibCR6|x64.ActiveCfg = RelLibCR6|x64
		{64BB9ED2-C7E5-4726-B70F-5EDE210A1B4C}.RelLibCR6|x64.Build.0 = RelLibCR6|x64
		{64BB9ED2-C7E5-4726-B70F-5EDE210A1B4C}.RelLibCR6|x86.ActiveCfg = RelLibCR6|Win32
		{64BB9ED2-C7E5-4726-B70F-5EDE210A1B4C}.RelLibWF5|x64.ActiveCfg = RelLibWF5|x64
		{64BB9ED2-C7E5-4726-B70F-5EDE210A1B4C}.RelLibWF5|x64.Build.0 = RelLibWF5|x64
		{64BB9ED2-C7E5-4726-B70F-5EDE210A1B4C}.RelLibWF5|x86.ActiveCfg = RelLibWF5|Win32
		{64BB9ED2-C7E5-4726-B70F-5EDE210A1B4C}.RelLibWF5|x86.Build.0 = RelLibWF5|Win32
		{57ABD530-9181-4992-97D0-D330CE418C6A}.DbgCreo|x64.ActiveCfg = DbgCreo|x64
		{57ABD530-9181-4992-97D0-D330CE418C6A}.DbgCreo|x64.Build.0 = DbgCreo|x64
		{57ABD530-9181-4992-97D0-D330CE418C6A}.DbgCreo|x86.ActiveCfg = DbgCreo|Win32
		{57ABD530-9181-4992-97D0-D330CE418C6A}.DbgCreo|x86.Build.0 = DbgCreo|Win32
		{57ABD530-9181-4992-97D0-D330CE418C6A}.DbgLibCR2|x64.ActiveCfg = DbgLibCR2|x64
		{57ABD530-9181-4992-97D0-D330CE418C6A}.DbgLibCR2|x64.Build.0 = DbgLibCR2|x64
		{57ABD530-9181-4992-97D0-D330CE418C6A}.DbgLibCR2|x86.ActiveCfg = DbgLibCR2|Win32
		{57ABD530-9181-4992-97D0-D330CE418C6A}.DbgLibCR2|x86.Build.0 = DbgLibCR2|Win32
		{57ABD530-9181-4992-97D0-D330CE418C6A}.DbgLibCR6|x64.ActiveCfg = DbgLibCR6|x64
		{57ABD530-9181-4992-97D0-D330CE418C6A}.DbgLibCR6|x64.Build.0 = DbgLibCR6|x64
		{57ABD530-9181-4992-97D0-D330CE418C6A}.DbgLibCR6|x86.ActiveCfg = DbgLibCR6|Win32
		{57ABD530-9181-4992-97D0-D330CE418C6A}.DbgLibCR6|x86.Build.0 = DbgLibCR6|Win32
		{57ABD530-9181-4992-97D0-D330CE418C6A}.DbgLibWF5|x64.ActiveCfg = DbgLibWF5|x64
		{57ABD530-9181-4992-97D0-D330CE418C6A}.DbgLibWF5|x64.Build.0 = DbgLibWF5|x64
		{57ABD530-9181-4992-97D0-D330CE418C6A}.DbgLibWF5|x86.ActiveCfg = DbgLibWF5|Win32
		{57ABD530-9181-4992-97D0-D330CE418C6A}.DbgLibWF5|x86.Build.0 = DbgLibWF5|Win32
		{57ABD530-9181-4992-97D0-D330CE418C6A}.Debug|x64.ActiveCfg = Debug|x64
		{57ABD530-9181-4992-97D0-D330CE418C6A}.Debug|x64.Build.0 = Debug|x64
		{57ABD530-9181-4992-97D0-D330CE418C6A}.Debug|x86.ActiveCfg = Debug|Win32
		{57ABD530-9181-4992-97D0-D330CE418C6A}.Debug|x86.Build.0 = Debug|Win32
		{57ABD530-9181-4992-97D0-D330CE418C6A}.DebugXP|x64.ActiveCfg = DebugXP|x64
		{57ABD530-9181-4992-97D0-D330CE418C6A}.DebugXP|x64.Build.0 = DebugXP|x64
		{57ABD530-9181-4992-97D0-D330CE418C6A}.DebugXP|x86.ActiveCfg = DebugXP|Win32
		{57ABD530-9181-4992-97D0-D330CE418C6A}.DebugXP|x86.Build.0 = DebugXP|Win32
		{57ABD530-9181-4992-97D0-D330CE418C6A}.Release|x64.ActiveCfg = Release|x64
		{57ABD530-9181-4992-97D0-D330CE418C6A}.Release|x64.Build.0 = Release|x64
		{57ABD530-9181-4992-97D0-D330CE418C6A}.Release|x86.ActiveCfg = Release|Win32
		{57ABD530-9181-4992-97D0-D330CE418C6A}.Release|x86.Build.0 = Release|Win32
		{57ABD530-9181-4992-97D0-D330CE418C6A}.ReleaseXP|x64.ActiveCfg = ReleaseXP|x64
		{57ABD530-9181-4992-97D0-D330CE418C6A}.ReleaseXP|x64.Build.0 = ReleaseXP|x64
		{57ABD530-9181-4992-97D0-D330CE418C6A}.ReleaseXP|x86.ActiveCfg = ReleaseXP|Win32
		{57ABD530-9181-4992-97D0-D330CE418C6A}.ReleaseXP|x86.Build.0 = ReleaseXP|Win32
		{57ABD530-9181-4992-97D0-D330CE418C6A}.RelLibCR2|x64.ActiveCfg = RelLibCR2|x64
		{57ABD530-9181-4992-97D0-D330CE418C6A}.RelLibCR2|x64.Build.0 = RelLibCR2|x64
		{57ABD530-9181-4992-97D0-D330CE418C6A}.RelLibCR2|x86.ActiveCfg = RelLibCR2|Win32
		{57ABD530-9181-4992-97D0-D330CE418C6A}.RelLibCR2|x86.Build.0 = RelLibCR2|Win32
		{57ABD530-9181-4992-97D0-D330CE418C6A}.RelLibCR6|x64.ActiveCfg = RelLibCR6|x64
		{57ABD530-9181-4992-97D0-D330CE418C6A}.RelLibCR6|x64.Build.0 = RelLibCR6|x64
		{57ABD530-9181-4992-97D0-D330CE418C6A}.RelLibCR6|x86.ActiveCfg = RelLibCR6|Win32
		{57ABD530-9181-4992-97D0-D330CE418C6A}.RelLibCR6|x86.Build.0 = RelLibCR6|Win32
		{57ABD530-9181-4992-97D0-D330CE418C6A}.RelLibWF5|x64.ActiveCfg = RelLibWF5|x64
		{57ABD530-9181-4992-97D0-D330CE418C6A}.RelLibWF5|x64.Build.0 = RelLibWF5|x64
		{57ABD530-9181-4992-97D0-D330CE418C6A}.RelLibWF5|x86.ActiveCfg = RelLibWF5|Win32
		{57ABD530-9181-4992-97D0-D330CE418C6A}.RelLibWF5|x86.Build.0 = RelLibWF5|Win32
	EndGlobalSection
	GlobalSection(SolutionProperties) = preSolution
		HideSolutionNode = FALSE
	EndGlobalSection
	GlobalSection(ExtensibilityGlobals) = postSolution
		SolutionGuid = {1E09D459-475E-4308-AD2E-05EDF071515D}
	EndGlobalSection
EndGlobal
