
Microsoft Visual Studio Solution File, Format Version 12.00
# Visual Studio Version 17
VisualStudioVersion = 17.5.33516.290
MinimumVisualStudioVersion = 10.0.40219.1
Project("{8BC9CEB8-8B4A-11D0-8D11-00A0C91BC942}") = "ThkTestWxDllZW", "ThkTestWxDll\ThkTestWxDllZW.vcxproj", "{C49A8B49-9355-4E58-AF78-2E46A9E79AF3}"
EndProject
Global
	GlobalSection(SolutionConfigurationPlatforms) = preSolution
		DbgZw26|x64 = DbgZw26|x64
		DbgZw26|x86 = DbgZw26|x86
		Debug|x64 = Debug|x64
		Debug|x86 = Debug|x86
		Release|x64 = Release|x64
		Release|x86 = Release|x86
		RelZw26|x64 = RelZw26|x64
		RelZw26|x86 = RelZw26|x86
	EndGlobalSection
	GlobalSection(ProjectConfigurationPlatforms) = postSolution
		{C49A8B49-9355-4E58-AF78-2E46A9E79AF3}.DbgZw26|x64.ActiveCfg = DbgZw26|x64
		{C49A8B49-9355-4E58-AF78-2E46A9E79AF3}.DbgZw26|x64.Build.0 = DbgZw26|x64
		{C49A8B49-9355-4E58-AF78-2E46A9E79AF3}.DbgZw26|x86.ActiveCfg = DbgZw26|Win32
		{C49A8B49-9355-4E58-AF78-2E46A9E79AF3}.DbgZw26|x86.Build.0 = DbgZw26|Win32
		{C49A8B49-9355-4E58-AF78-2E46A9E79AF3}.Debug|x64.ActiveCfg = Debug|x64
		{C49A8B49-9355-4E58-AF78-2E46A9E79AF3}.Debug|x64.Build.0 = Debug|x64
		{C49A8B49-9355-4E58-AF78-2E46A9E79AF3}.Debug|x86.ActiveCfg = Debug|Win32
		{C49A8B49-9355-4E58-AF78-2E46A9E79AF3}.Debug|x86.Build.0 = Debug|Win32
		{C49A8B49-9355-4E58-AF78-2E46A9E79AF3}.Release|x64.ActiveCfg = Release|x64
		{C49A8B49-9355-4E58-AF78-2E46A9E79AF3}.Release|x64.Build.0 = Release|x64
		{C49A8B49-9355-4E58-AF78-2E46A9E79AF3}.Release|x86.ActiveCfg = Release|Win32
		{C49A8B49-9355-4E58-AF78-2E46A9E79AF3}.Release|x86.Build.0 = Release|Win32
		{C49A8B49-9355-4E58-AF78-2E46A9E79AF3}.RelZw26|x64.ActiveCfg = RelZw26|x64
		{C49A8B49-9355-4E58-AF78-2E46A9E79AF3}.RelZw26|x64.Build.0 = RelZw26|x64
		{C49A8B49-9355-4E58-AF78-2E46A9E79AF3}.RelZw26|x86.ActiveCfg = RelZw26|Win32
		{C49A8B49-9355-4E58-AF78-2E46A9E79AF3}.RelZw26|x86.Build.0 = RelZw26|Win32
	EndGlobalSection
	GlobalSection(SolutionProperties) = preSolution
		HideSolutionNode = FALSE
	EndGlobalSection
	GlobalSection(ExtensibilityGlobals) = postSolution
		SolutionGuid = {1E09D459-475E-4308-AD2E-05EDF071515D}
	EndGlobalSection
EndGlobal
